// !$*UTF8*$!
{
	archiveVersion = 1;
	classes = {
	};
	objectVersion = 56;
	objects = {

/* Begin PBXBuildFile section */
		A497D62073B472DD5EC80A20 /* Pods_DGarciaEcommerce.framework in Frameworks */ = {isa = PBXBuildFile; fileRef = D229A692EE1624E79F8A18FA /* Pods_DGarciaEcommerce.framework */; };
		EF0E843F295CCFB300E3415B /* Producto.swift in Sources */ = {isa = PBXBuildFile; fileRef = EF0E843E295CCFB300E3415B /* Producto.swift */; };
		EF0E8441295CD0E800E3415B /* Proveedor.swift in Sources */ = {isa = PBXBuildFile; fileRef = EF0E8440295CD0E800E3415B /* Proveedor.swift */; };
		EF0E8443295CD14100E3415B /* Departamento.swift in Sources */ = {isa = PBXBuildFile; fileRef = EF0E8442295CD14100E3415B /* Departamento.swift */; };
		EF0E8445295CD1B100E3415B /* Area.swift in Sources */ = {isa = PBXBuildFile; fileRef = EF0E8444295CD1B100E3415B /* Area.swift */; };
		EF0E8447295CD20700E3415B /* Result.swift in Sources */ = {isa = PBXBuildFile; fileRef = EF0E8446295CD20700E3415B /* Result.swift */; };
		EF0E8449295CD38E00E3415B /* ProductoViewModel.swift in Sources */ = {isa = PBXBuildFile; fileRef = EF0E8448295CD38E00E3415B /* ProductoViewModel.swift */; };
		EF160071296F29D400BD7CAD /* CreateAcccountController.swift in Sources */ = {isa = PBXBuildFile; fileRef = EF160070296F29D400BD7CAD /* CreateAcccountController.swift */; };
		EF160077296F473A00BD7CAD /* AreaViewModel.swift in Sources */ = {isa = PBXBuildFile; fileRef = EF160076296F473A00BD7CAD /* AreaViewModel.swift */; };
		EF1CC2E529832249000D6455 /* PagoViewController.swift in Sources */ = {isa = PBXBuildFile; fileRef = EF1CC2E429832249000D6455 /* PagoViewController.swift */; };
		EF1CC2E729832BBA000D6455 /* MetodoPago.swift in Sources */ = {isa = PBXBuildFile; fileRef = EF1CC2E629832BBA000D6455 /* MetodoPago.swift */; };
		EF2D144E295E69C300561FF6 /* ProductoTableViewCell.swift in Sources */ = {isa = PBXBuildFile; fileRef = EF2D144C295E69C300561FF6 /* ProductoTableViewCell.swift */; };
		EF2D144F295E69C300561FF6 /* ProductoTableViewCell.xib in Resources */ = {isa = PBXBuildFile; fileRef = EF2D144D295E69C300561FF6 /* ProductoTableViewCell.xib */; };
		EF35867429660DF2004A2493 /* DepartamentoTableViewCell.swift in Sources */ = {isa = PBXBuildFile; fileRef = EF35867229660DF2004A2493 /* DepartamentoTableViewCell.swift */; };
		EF35867529660DF2004A2493 /* DepartamentoTableViewCell.xib in Resources */ = {isa = PBXBuildFile; fileRef = EF35867329660DF2004A2493 /* DepartamentoTableViewCell.xib */; };
		EF35867A2966124D004A2493 /* DepartamentoViewModel.swift in Sources */ = {isa = PBXBuildFile; fileRef = EF3586792966124D004A2493 /* DepartamentoViewModel.swift */; };
		EF35867C29662454004A2493 /* DepartamentoTableViewController.swift in Sources */ = {isa = PBXBuildFile; fileRef = EF35867B29662454004A2493 /* DepartamentoTableViewController.swift */; };
		EF35868029664FF8004A2493 /* DepartamentoController.swift in Sources */ = {isa = PBXBuildFile; fileRef = EF35867F29664FF8004A2493 /* DepartamentoController.swift */; };
		EF44659F297F177200440A02 /* DetalleProductoController.swift in Sources */ = {isa = PBXBuildFile; fileRef = EF44659E297F177200440A02 /* DetalleProductoController.swift */; };
		EF540BB3296E326700862398 /* iOSDropDown.framework in Frameworks */ = {isa = PBXBuildFile; fileRef = EF540BB2296E326700862398 /* iOSDropDown.framework */; };
		EF540BB5296E32F300862398 /* ProveedorViewModel.swift in Sources */ = {isa = PBXBuildFile; fileRef = EF540BB4296E32F300862398 /* ProveedorViewModel.swift */; };
		EF62212A295BB49600EA5D5E /* AppDelegate.swift in Sources */ = {isa = PBXBuildFile; fileRef = EF622129295BB49600EA5D5E /* AppDelegate.swift */; };
		EF62212C295BB49600EA5D5E /* SceneDelegate.swift in Sources */ = {isa = PBXBuildFile; fileRef = EF62212B295BB49600EA5D5E /* SceneDelegate.swift */; };
		EF62212E295BB49600EA5D5E /* ProductoController.swift in Sources */ = {isa = PBXBuildFile; fileRef = EF62212D295BB49600EA5D5E /* ProductoController.swift */; };
		EF622131295BB49600EA5D5E /* Main.storyboard in Resources */ = {isa = PBXBuildFile; fileRef = EF62212F295BB49600EA5D5E /* Main.storyboard */; };
		EF622134295BB49600EA5D5E /* DGarciaEcommerce.xcdatamodeld in Sources */ = {isa = PBXBuildFile; fileRef = EF622132295BB49600EA5D5E /* DGarciaEcommerce.xcdatamodeld */; };
		EF622136295BB49800EA5D5E /* Assets.xcassets in Resources */ = {isa = PBXBuildFile; fileRef = EF622135295BB49800EA5D5E /* Assets.xcassets */; };
		EF622139295BB49800EA5D5E /* LaunchScreen.storyboard in Resources */ = {isa = PBXBuildFile; fileRef = EF622137295BB49800EA5D5E /* LaunchScreen.storyboard */; };
		EF622145295BB72800EA5D5E /* DB.swift in Sources */ = {isa = PBXBuildFile; fileRef = EF622144295BB72800EA5D5E /* DB.swift */; };
		EF6EDAAB29676ECB00ED7066 /* UsuarioTableViewController.swift in Sources */ = {isa = PBXBuildFile; fileRef = EF6EDAAA29676ECA00ED7066 /* UsuarioTableViewController.swift */; };
		EF6EDAAD29676F1800ED7066 /* UsuarioController.swift in Sources */ = {isa = PBXBuildFile; fileRef = EF6EDAAC29676F1800ED7066 /* UsuarioController.swift */; };
		EF6EDAB429676FA700ED7066 /* UsuarioTableViewCell.swift in Sources */ = {isa = PBXBuildFile; fileRef = EF6EDAB229676FA700ED7066 /* UsuarioTableViewCell.swift */; };
		EF6EDAB529676FA700ED7066 /* UsuarioTableViewCell.xib in Resources */ = {isa = PBXBuildFile; fileRef = EF6EDAB329676FA700ED7066 /* UsuarioTableViewCell.xib */; };
		EF71ED80296DF39500AE4E06 /* GoogleService-Info.plist in Resources */ = {isa = PBXBuildFile; fileRef = EF71ED7F296DF39500AE4E06 /* GoogleService-Info.plist */; };
		EF71ED84296DF60000AE4E06 /* FirebaseAuth in Frameworks */ = {isa = PBXBuildFile; productRef = EF71ED83296DF60000AE4E06 /* FirebaseAuth */; };
		EF71ED86296DF60000AE4E06 /* FirebaseDatabase in Frameworks */ = {isa = PBXBuildFile; productRef = EF71ED85296DF60000AE4E06 /* FirebaseDatabase */; };
		EF71ED88296DF60000AE4E06 /* FirebaseDatabaseSwift in Frameworks */ = {isa = PBXBuildFile; productRef = EF71ED87296DF60000AE4E06 /* FirebaseDatabaseSwift */; };
		EF71ED8B296DF68800AE4E06 /* SignUpController.swift in Sources */ = {isa = PBXBuildFile; fileRef = EF71ED8A296DF68800AE4E06 /* SignUpController.swift */; };
		EF74EF3529803EAD00242723 /* VentaProductoViewModel.swift in Sources */ = {isa = PBXBuildFile; fileRef = EF74EF3429803EAD00242723 /* VentaProductoViewModel.swift */; };
		EF74EF372980461000242723 /* VentaProducto.swift in Sources */ = {isa = PBXBuildFile; fileRef = EF74EF362980461000242723 /* VentaProducto.swift */; };
		EF81D89A29707BD900536325 /* GeneralCollectionViewCell.swift in Sources */ = {isa = PBXBuildFile; fileRef = EF81D89829707BD900536325 /* GeneralCollectionViewCell.swift */; };
		EF81D89B29707BD900536325 /* GeneralCollectionViewCell.xib in Resources */ = {isa = PBXBuildFile; fileRef = EF81D89929707BD900536325 /* GeneralCollectionViewCell.xib */; };
		EF81D89D2970953400536325 /* DepartamentoCollectionViewController.swift in Sources */ = {isa = PBXBuildFile; fileRef = EF81D89C2970953400536325 /* DepartamentoCollectionViewController.swift */; };
		EF81D8A129709E8000536325 /* ProductoCollectionViewCell.xib in Resources */ = {isa = PBXBuildFile; fileRef = EF81D89F29709E8000536325 /* ProductoCollectionViewCell.xib */; };
		EF81D8A32970A46E00536325 /* ProductoCollectionViewCell.swift in Sources */ = {isa = PBXBuildFile; fileRef = EF81D8A22970A46E00536325 /* ProductoCollectionViewCell.swift */; };
		EF81D8A52970A5B800536325 /* ProductoCollectionViewController.swift in Sources */ = {isa = PBXBuildFile; fileRef = EF81D8A42970A5B800536325 /* ProductoCollectionViewController.swift */; };
		EFACBD03298190F600AAEF68 /* CarritoComprasTableViewCell.xib in Resources */ = {isa = PBXBuildFile; fileRef = EFACBD01298190F600AAEF68 /* CarritoComprasTableViewCell.xib */; };
		EFACBD052981913E00AAEF68 /* CarritoComprasController.swift in Sources */ = {isa = PBXBuildFile; fileRef = EFACBD042981913E00AAEF68 /* CarritoComprasController.swift */; };
		EFACBD072981972900AAEF68 /* CarritoComprasTableViewCell.swift in Sources */ = {isa = PBXBuildFile; fileRef = EFACBD062981972900AAEF68 /* CarritoComprasTableViewCell.swift */; };
		EFB5EFF3295E683E009B1802 /* GetAllTableViewController.swift in Sources */ = {isa = PBXBuildFile; fileRef = EFB5EFF1295E683E009B1802 /* GetAllTableViewController.swift */; };
		EFB6DE242971BDC7009279E1 /* AreaController.swift in Sources */ = {isa = PBXBuildFile; fileRef = EFB6DE232971BDC7009279E1 /* AreaController.swift */; };
		EFBCFA6D2978521200E72972 /* DGarciaEcommerceTests.swift in Sources */ = {isa = PBXBuildFile; fileRef = EFBCFA6C2978521200E72972 /* DGarciaEcommerceTests.swift */; };
		EFBCFA7A2978522400E72972 /* DGarciaEcommerceUITests.swift in Sources */ = {isa = PBXBuildFile; fileRef = EFBCFA792978522400E72972 /* DGarciaEcommerceUITests.swift */; };
		EFBCFA7C2978522400E72972 /* DGarciaEcommerceUITestsLaunchTests.swift in Sources */ = {isa = PBXBuildFile; fileRef = EFBCFA7B2978522400E72972 /* DGarciaEcommerceUITestsLaunchTests.swift */; };
		EFBCFA83297854F700E72972 /* FirebaseFirestore in Frameworks */ = {isa = PBXBuildFile; productRef = EFBCFA82297854F700E72972 /* FirebaseFirestore */; };
		EFBCFA85297854FC00E72972 /* FirebaseAuth in Frameworks */ = {isa = PBXBuildFile; productRef = EFBCFA84297854FC00E72972 /* FirebaseAuth */; };
		EFCDB8FD29687FB4002C0044 /* Usuario.swift in Sources */ = {isa = PBXBuildFile; fileRef = EFCDB8FC29687FB4002C0044 /* Usuario.swift */; };
		EFCDB8FF296883E9002C0044 /* UsuarioViewModel.swift in Sources */ = {isa = PBXBuildFile; fileRef = EFCDB8FE296883E9002C0044 /* UsuarioViewModel.swift */; };
		EFCDB901296888D6002C0044 /* Rol.swift in Sources */ = {isa = PBXBuildFile; fileRef = EFCDB900296888D6002C0044 /* Rol.swift */; };
/* End PBXBuildFile section */

/* Begin PBXContainerItemProxy section */
		EFBCFA6E2978521200E72972 /* PBXContainerItemProxy */ = {
			isa = PBXContainerItemProxy;
			containerPortal = EF62211E295BB49600EA5D5E /* Project object */;
			proxyType = 1;
			remoteGlobalIDString = EF622125295BB49600EA5D5E;
			remoteInfo = DGarciaEcommerce;
		};
		EFBCFA7D2978522400E72972 /* PBXContainerItemProxy */ = {
			isa = PBXContainerItemProxy;
			containerPortal = EF62211E295BB49600EA5D5E /* Project object */;
			proxyType = 1;
			remoteGlobalIDString = EF622125295BB49600EA5D5E;
			remoteInfo = DGarciaEcommerce;
		};
/* End PBXContainerItemProxy section */

/* Begin PBXFileReference section */
		10694476533BB5934DF50B15 /* Pods-DGarciaEcommerce.debug.xcconfig */ = {isa = PBXFileReference; includeInIndex = 1; lastKnownFileType = text.xcconfig; name = "Pods-DGarciaEcommerce.debug.xcconfig"; path = "Target Support Files/Pods-DGarciaEcommerce/Pods-DGarciaEcommerce.debug.xcconfig"; sourceTree = "<group>"; };
		D229A692EE1624E79F8A18FA /* Pods_DGarciaEcommerce.framework */ = {isa = PBXFileReference; explicitFileType = wrapper.framework; includeInIndex = 0; path = Pods_DGarciaEcommerce.framework; sourceTree = BUILT_PRODUCTS_DIR; };
		EB5619FA42FA59CACAFA4D47 /* Pods-DGarciaEcommerce.release.xcconfig */ = {isa = PBXFileReference; includeInIndex = 1; lastKnownFileType = text.xcconfig; name = "Pods-DGarciaEcommerce.release.xcconfig"; path = "Target Support Files/Pods-DGarciaEcommerce/Pods-DGarciaEcommerce.release.xcconfig"; sourceTree = "<group>"; };
		EF0E843E295CCFB300E3415B /* Producto.swift */ = {isa = PBXFileReference; lastKnownFileType = sourcecode.swift; path = Producto.swift; sourceTree = "<group>"; };
		EF0E8440295CD0E800E3415B /* Proveedor.swift */ = {isa = PBXFileReference; lastKnownFileType = sourcecode.swift; path = Proveedor.swift; sourceTree = "<group>"; };
		EF0E8442295CD14100E3415B /* Departamento.swift */ = {isa = PBXFileReference; lastKnownFileType = sourcecode.swift; path = Departamento.swift; sourceTree = "<group>"; };
		EF0E8444295CD1B100E3415B /* Area.swift */ = {isa = PBXFileReference; lastKnownFileType = sourcecode.swift; path = Area.swift; sourceTree = "<group>"; };
		EF0E8446295CD20700E3415B /* Result.swift */ = {isa = PBXFileReference; lastKnownFileType = sourcecode.swift; path = Result.swift; sourceTree = "<group>"; };
		EF0E8448295CD38E00E3415B /* ProductoViewModel.swift */ = {isa = PBXFileReference; lastKnownFileType = sourcecode.swift; path = ProductoViewModel.swift; sourceTree = "<group>"; };
		EF160070296F29D400BD7CAD /* CreateAcccountController.swift */ = {isa = PBXFileReference; lastKnownFileType = sourcecode.swift; path = CreateAcccountController.swift; sourceTree = "<group>"; };
		EF160076296F473A00BD7CAD /* AreaViewModel.swift */ = {isa = PBXFileReference; lastKnownFileType = sourcecode.swift; path = AreaViewModel.swift; sourceTree = "<group>"; };
		EF1CC2E429832249000D6455 /* PagoViewController.swift */ = {isa = PBXFileReference; lastKnownFileType = sourcecode.swift; path = PagoViewController.swift; sourceTree = "<group>"; };
		EF1CC2E629832BBA000D6455 /* MetodoPago.swift */ = {isa = PBXFileReference; lastKnownFileType = sourcecode.swift; path = MetodoPago.swift; sourceTree = "<group>"; };
		EF2D144C295E69C300561FF6 /* ProductoTableViewCell.swift */ = {isa = PBXFileReference; lastKnownFileType = sourcecode.swift; name = ProductoTableViewCell.swift; path = ../../ProductoTableViewCell.swift; sourceTree = "<group>"; };
		EF2D144D295E69C300561FF6 /* ProductoTableViewCell.xib */ = {isa = PBXFileReference; lastKnownFileType = file.xib; name = ProductoTableViewCell.xib; path = ../ProductoTableViewCell.xib; sourceTree = "<group>"; };
		EF35867229660DF2004A2493 /* DepartamentoTableViewCell.swift */ = {isa = PBXFileReference; lastKnownFileType = sourcecode.swift; path = DepartamentoTableViewCell.swift; sourceTree = "<group>"; };
		EF35867329660DF2004A2493 /* DepartamentoTableViewCell.xib */ = {isa = PBXFileReference; lastKnownFileType = file.xib; path = DepartamentoTableViewCell.xib; sourceTree = "<group>"; };
		EF3586792966124D004A2493 /* DepartamentoViewModel.swift */ = {isa = PBXFileReference; lastKnownFileType = sourcecode.swift; path = DepartamentoViewModel.swift; sourceTree = "<group>"; };
		EF35867B29662454004A2493 /* DepartamentoTableViewController.swift */ = {isa = PBXFileReference; lastKnownFileType = sourcecode.swift; path = DepartamentoTableViewController.swift; sourceTree = "<group>"; };
		EF35867F29664FF8004A2493 /* DepartamentoController.swift */ = {isa = PBXFileReference; lastKnownFileType = sourcecode.swift; path = DepartamentoController.swift; sourceTree = "<group>"; };
		EF44659E297F177200440A02 /* DetalleProductoController.swift */ = {isa = PBXFileReference; lastKnownFileType = sourcecode.swift; path = DetalleProductoController.swift; sourceTree = "<group>"; };
		EF540BB2296E326700862398 /* iOSDropDown.framework */ = {isa = PBXFileReference; explicitFileType = wrapper.framework; path = iOSDropDown.framework; sourceTree = BUILT_PRODUCTS_DIR; };
		EF540BB4296E32F300862398 /* ProveedorViewModel.swift */ = {isa = PBXFileReference; lastKnownFileType = sourcecode.swift; path = ProveedorViewModel.swift; sourceTree = "<group>"; };
		EF622126295BB49600EA5D5E /* DGarciaEcommerce.app */ = {isa = PBXFileReference; explicitFileType = wrapper.application; includeInIndex = 0; path = DGarciaEcommerce.app; sourceTree = BUILT_PRODUCTS_DIR; };
		EF622129295BB49600EA5D5E /* AppDelegate.swift */ = {isa = PBXFileReference; lastKnownFileType = sourcecode.swift; path = AppDelegate.swift; sourceTree = "<group>"; };
		EF62212B295BB49600EA5D5E /* SceneDelegate.swift */ = {isa = PBXFileReference; lastKnownFileType = sourcecode.swift; path = SceneDelegate.swift; sourceTree = "<group>"; };
		EF62212D295BB49600EA5D5E /* ProductoController.swift */ = {isa = PBXFileReference; lastKnownFileType = sourcecode.swift; path = ProductoController.swift; sourceTree = "<group>"; };
		EF622130295BB49600EA5D5E /* Base */ = {isa = PBXFileReference; lastKnownFileType = file.storyboard; name = Base; path = Base.lproj/Main.storyboard; sourceTree = "<group>"; };
		EF622133295BB49600EA5D5E /* DGarciaEcommerce.xcdatamodel */ = {isa = PBXFileReference; lastKnownFileType = wrapper.xcdatamodel; path = DGarciaEcommerce.xcdatamodel; sourceTree = "<group>"; };
		EF622135295BB49800EA5D5E /* Assets.xcassets */ = {isa = PBXFileReference; lastKnownFileType = folder.assetcatalog; path = Assets.xcassets; sourceTree = "<group>"; };
		EF622138295BB49800EA5D5E /* Base */ = {isa = PBXFileReference; lastKnownFileType = file.storyboard; name = Base; path = Base.lproj/LaunchScreen.storyboard; sourceTree = "<group>"; };
		EF62213A295BB49800EA5D5E /* Info.plist */ = {isa = PBXFileReference; lastKnownFileType = text.plist.xml; path = Info.plist; sourceTree = "<group>"; };
		EF622144295BB72800EA5D5E /* DB.swift */ = {isa = PBXFileReference; lastKnownFileType = sourcecode.swift; path = DB.swift; sourceTree = "<group>"; };
		EF6EDAAA29676ECA00ED7066 /* UsuarioTableViewController.swift */ = {isa = PBXFileReference; lastKnownFileType = sourcecode.swift; path = UsuarioTableViewController.swift; sourceTree = "<group>"; };
		EF6EDAAC29676F1800ED7066 /* UsuarioController.swift */ = {isa = PBXFileReference; lastKnownFileType = sourcecode.swift; path = UsuarioController.swift; sourceTree = "<group>"; };
		EF6EDAB229676FA700ED7066 /* UsuarioTableViewCell.swift */ = {isa = PBXFileReference; lastKnownFileType = sourcecode.swift; path = UsuarioTableViewCell.swift; sourceTree = "<group>"; };
		EF6EDAB329676FA700ED7066 /* UsuarioTableViewCell.xib */ = {isa = PBXFileReference; lastKnownFileType = file.xib; path = UsuarioTableViewCell.xib; sourceTree = "<group>"; };
		EF71ED7F296DF39500AE4E06 /* GoogleService-Info.plist */ = {isa = PBXFileReference; fileEncoding = 4; lastKnownFileType = text.plist.xml; name = "GoogleService-Info.plist"; path = "../../../../Downloads/GoogleService-Info.plist"; sourceTree = "<group>"; };
		EF71ED8A296DF68800AE4E06 /* SignUpController.swift */ = {isa = PBXFileReference; lastKnownFileType = sourcecode.swift; path = SignUpController.swift; sourceTree = "<group>"; };
		EF74EF3429803EAD00242723 /* VentaProductoViewModel.swift */ = {isa = PBXFileReference; lastKnownFileType = sourcecode.swift; path = VentaProductoViewModel.swift; sourceTree = "<group>"; };
		EF74EF362980461000242723 /* VentaProducto.swift */ = {isa = PBXFileReference; lastKnownFileType = sourcecode.swift; path = VentaProducto.swift; sourceTree = "<group>"; };
		EF81D89829707BD900536325 /* GeneralCollectionViewCell.swift */ = {isa = PBXFileReference; lastKnownFileType = sourcecode.swift; path = GeneralCollectionViewCell.swift; sourceTree = "<group>"; };
		EF81D89929707BD900536325 /* GeneralCollectionViewCell.xib */ = {isa = PBXFileReference; lastKnownFileType = file.xib; name = GeneralCollectionViewCell.xib; path = ../GeneralCollectionViewCell.xib; sourceTree = "<group>"; };
		EF81D89C2970953400536325 /* DepartamentoCollectionViewController.swift */ = {isa = PBXFileReference; lastKnownFileType = sourcecode.swift; path = DepartamentoCollectionViewController.swift; sourceTree = "<group>"; };
		EF81D89F29709E8000536325 /* ProductoCollectionViewCell.xib */ = {isa = PBXFileReference; lastKnownFileType = file.xib; path = ProductoCollectionViewCell.xib; sourceTree = "<group>"; };
		EF81D8A22970A46E00536325 /* ProductoCollectionViewCell.swift */ = {isa = PBXFileReference; lastKnownFileType = sourcecode.swift; path = ProductoCollectionViewCell.swift; sourceTree = "<group>"; };
		EF81D8A42970A5B800536325 /* ProductoCollectionViewController.swift */ = {isa = PBXFileReference; lastKnownFileType = sourcecode.swift; path = ProductoCollectionViewController.swift; sourceTree = "<group>"; };
		EFACBD01298190F600AAEF68 /* CarritoComprasTableViewCell.xib */ = {isa = PBXFileReference; lastKnownFileType = file.xib; path = CarritoComprasTableViewCell.xib; sourceTree = "<group>"; };
		EFACBD042981913E00AAEF68 /* CarritoComprasController.swift */ = {isa = PBXFileReference; lastKnownFileType = sourcecode.swift; path = CarritoComprasController.swift; sourceTree = "<group>"; };
		EFACBD062981972900AAEF68 /* CarritoComprasTableViewCell.swift */ = {isa = PBXFileReference; lastKnownFileType = sourcecode.swift; path = CarritoComprasTableViewCell.swift; sourceTree = "<group>"; };
		EFB5EFF1295E683E009B1802 /* GetAllTableViewController.swift */ = {isa = PBXFileReference; lastKnownFileType = sourcecode.swift; path = GetAllTableViewController.swift; sourceTree = "<group>"; };
		EFB6DE232971BDC7009279E1 /* AreaController.swift */ = {isa = PBXFileReference; lastKnownFileType = sourcecode.swift; path = AreaController.swift; sourceTree = "<group>"; };
		EFBCFA6A2978521200E72972 /* DGarciaEcommerceTests.xctest */ = {isa = PBXFileReference; explicitFileType = wrapper.cfbundle; includeInIndex = 0; path = DGarciaEcommerceTests.xctest; sourceTree = BUILT_PRODUCTS_DIR; };
		EFBCFA6C2978521200E72972 /* DGarciaEcommerceTests.swift */ = {isa = PBXFileReference; lastKnownFileType = sourcecode.swift; path = DGarciaEcommerceTests.swift; sourceTree = "<group>"; };
		EFBCFA772978522400E72972 /* DGarciaEcommerceUITests.xctest */ = {isa = PBXFileReference; explicitFileType = wrapper.cfbundle; includeInIndex = 0; path = DGarciaEcommerceUITests.xctest; sourceTree = BUILT_PRODUCTS_DIR; };
		EFBCFA792978522400E72972 /* DGarciaEcommerceUITests.swift */ = {isa = PBXFileReference; lastKnownFileType = sourcecode.swift; path = DGarciaEcommerceUITests.swift; sourceTree = "<group>"; };
		EFBCFA7B2978522400E72972 /* DGarciaEcommerceUITestsLaunchTests.swift */ = {isa = PBXFileReference; lastKnownFileType = sourcecode.swift; path = DGarciaEcommerceUITestsLaunchTests.swift; sourceTree = "<group>"; };
		EFCDB8FC29687FB4002C0044 /* Usuario.swift */ = {isa = PBXFileReference; lastKnownFileType = sourcecode.swift; path = Usuario.swift; sourceTree = "<group>"; };
		EFCDB8FE296883E9002C0044 /* UsuarioViewModel.swift */ = {isa = PBXFileReference; lastKnownFileType = sourcecode.swift; path = UsuarioViewModel.swift; sourceTree = "<group>"; };
		EFCDB900296888D6002C0044 /* Rol.swift */ = {isa = PBXFileReference; lastKnownFileType = sourcecode.swift; path = Rol.swift; sourceTree = "<group>"; };
/* End PBXFileReference section */

/* Begin PBXFrameworksBuildPhase section */
		EF622123295BB49600EA5D5E /* Frameworks */ = {
			isa = PBXFrameworksBuildPhase;
			buildActionMask = 2147483647;
			files = (
				EF540BB3296E326700862398 /* iOSDropDown.framework in Frameworks */,
				EF71ED88296DF60000AE4E06 /* FirebaseDatabaseSwift in Frameworks */,
				EF71ED86296DF60000AE4E06 /* FirebaseDatabase in Frameworks */,
				A497D62073B472DD5EC80A20 /* Pods_DGarciaEcommerce.framework in Frameworks */,
				EF71ED84296DF60000AE4E06 /* FirebaseAuth in Frameworks */,
			);
			runOnlyForDeploymentPostprocessing = 0;
		};
		EFBCFA672978521200E72972 /* Frameworks */ = {
			isa = PBXFrameworksBuildPhase;
			buildActionMask = 2147483647;
			files = (
				EFBCFA83297854F700E72972 /* FirebaseFirestore in Frameworks */,
				EFBCFA85297854FC00E72972 /* FirebaseAuth in Frameworks */,
			);
			runOnlyForDeploymentPostprocessing = 0;
		};
		EFBCFA742978522400E72972 /* Frameworks */ = {
			isa = PBXFrameworksBuildPhase;
			buildActionMask = 2147483647;
			files = (
			);
			runOnlyForDeploymentPostprocessing = 0;
		};
/* End PBXFrameworksBuildPhase section */

/* Begin PBXGroup section */
		4A64C1C3DB6179196FD59578 /* Pods */ = {
			isa = PBXGroup;
			children = (
				10694476533BB5934DF50B15 /* Pods-DGarciaEcommerce.debug.xcconfig */,
				EB5619FA42FA59CACAFA4D47 /* Pods-DGarciaEcommerce.release.xcconfig */,
			);
			path = Pods;
			sourceTree = "<group>";
		};
		9033F0EF1231E7A35D79AA52 /* Frameworks */ = {
			isa = PBXGroup;
			children = (
				EF540BB2296E326700862398 /* iOSDropDown.framework */,
				D229A692EE1624E79F8A18FA /* Pods_DGarciaEcommerce.framework */,
			);
			name = Frameworks;
			sourceTree = "<group>";
		};
		EF35867629660E15004A2493 /* Departamento */ = {
			isa = PBXGroup;
			children = (
				EF35867229660DF2004A2493 /* DepartamentoTableViewCell.swift */,
				EF35867B29662454004A2493 /* DepartamentoTableViewController.swift */,
				EF35867F29664FF8004A2493 /* DepartamentoController.swift */,
				EF81D89C2970953400536325 /* DepartamentoCollectionViewController.swift */,
			);
			path = Departamento;
			sourceTree = "<group>";
		};
		EF62211D295BB49600EA5D5E = {
			isa = PBXGroup;
			children = (
				EF622128295BB49600EA5D5E /* DGarciaEcommerce */,
				EFBCFA6B2978521200E72972 /* DGarciaEcommerceTests */,
				EFBCFA782978522400E72972 /* DGarciaEcommerceUITests */,
				EF622127295BB49600EA5D5E /* Products */,
				4A64C1C3DB6179196FD59578 /* Pods */,
				9033F0EF1231E7A35D79AA52 /* Frameworks */,
			);
			sourceTree = "<group>";
		};
		EF622127295BB49600EA5D5E /* Products */ = {
			isa = PBXGroup;
			children = (
				EF622126295BB49600EA5D5E /* DGarciaEcommerce.app */,
				EFBCFA6A2978521200E72972 /* DGarciaEcommerceTests.xctest */,
				EFBCFA772978522400E72972 /* DGarciaEcommerceUITests.xctest */,
			);
			name = Products;
			sourceTree = "<group>";
		};
		EF622128295BB49600EA5D5E /* DGarciaEcommerce */ = {
			isa = PBXGroup;
			children = (
				EF622143295BB4E100EA5D5E /* Controller */,
				EF622142295BB4D400EA5D5E /* View */,
				EF622141295BB4C100EA5D5E /* ViewModel */,
				EF622140295BB4B500EA5D5E /* Model */,
				EF622129295BB49600EA5D5E /* AppDelegate.swift */,
				EF62212B295BB49600EA5D5E /* SceneDelegate.swift */,
				EF622135295BB49800EA5D5E /* Assets.xcassets */,
				EF62213A295BB49800EA5D5E /* Info.plist */,
				EF71ED7F296DF39500AE4E06 /* GoogleService-Info.plist */,
				EF622132295BB49600EA5D5E /* DGarciaEcommerce.xcdatamodeld */,
			);
			path = DGarciaEcommerce;
			sourceTree = "<group>";
		};
		EF622140295BB4B500EA5D5E /* Model */ = {
			isa = PBXGroup;
			children = (
				EF0E843E295CCFB300E3415B /* Producto.swift */,
				EF0E8440295CD0E800E3415B /* Proveedor.swift */,
				EF0E8442295CD14100E3415B /* Departamento.swift */,
				EF0E8444295CD1B100E3415B /* Area.swift */,
				EF0E8446295CD20700E3415B /* Result.swift */,
				EFCDB8FC29687FB4002C0044 /* Usuario.swift */,
				EFCDB900296888D6002C0044 /* Rol.swift */,
				EF74EF362980461000242723 /* VentaProducto.swift */,
				EF1CC2E629832BBA000D6455 /* MetodoPago.swift */,
			);
			path = Model;
			sourceTree = "<group>";
		};
		EF622141295BB4C100EA5D5E /* ViewModel */ = {
			isa = PBXGroup;
			children = (
				EF622144295BB72800EA5D5E /* DB.swift */,
				EF0E8448295CD38E00E3415B /* ProductoViewModel.swift */,
				EF3586792966124D004A2493 /* DepartamentoViewModel.swift */,
				EFCDB8FE296883E9002C0044 /* UsuarioViewModel.swift */,
				EF540BB4296E32F300862398 /* ProveedorViewModel.swift */,
				EF160076296F473A00BD7CAD /* AreaViewModel.swift */,
				EF74EF3429803EAD00242723 /* VentaProductoViewModel.swift */,
			);
			path = ViewModel;
			sourceTree = "<group>";
		};
		EF622142295BB4D400EA5D5E /* View */ = {
			isa = PBXGroup;
			children = (
				EF62212F295BB49600EA5D5E /* Main.storyboard */,
				EF622137295BB49800EA5D5E /* LaunchScreen.storyboard */,
				EF2D144D295E69C300561FF6 /* ProductoTableViewCell.xib */,
				EF35867329660DF2004A2493 /* DepartamentoTableViewCell.xib */,
				EF6EDAB329676FA700ED7066 /* UsuarioTableViewCell.xib */,
				EF81D89929707BD900536325 /* GeneralCollectionViewCell.xib */,
				EF81D89F29709E8000536325 /* ProductoCollectionViewCell.xib */,
				EFACBD01298190F600AAEF68 /* CarritoComprasTableViewCell.xib */,
			);
			path = View;
			sourceTree = "<group>";
		};
		EF622143295BB4E100EA5D5E /* Controller */ = {
			isa = PBXGroup;
			children = (
				EF81D89829707BD900536325 /* GeneralCollectionViewCell.swift */,
				EF6FD54E29707AAF002C76F3 /* Area */,
				EF71ED89296DF65A00AE4E06 /* Autenticacion */,
				EF6EDAA929676E2000ED7066 /* Usuario */,
				EF35867629660E15004A2493 /* Departamento */,
				EFB5EFF5295E68ED009B1802 /* Producto */,
			);
			path = Controller;
			sourceTree = "<group>";
		};
		EF6EDAA929676E2000ED7066 /* Usuario */ = {
			isa = PBXGroup;
			children = (
				EF6EDAAA29676ECA00ED7066 /* UsuarioTableViewController.swift */,
				EF6EDAAC29676F1800ED7066 /* UsuarioController.swift */,
				EF6EDAB229676FA700ED7066 /* UsuarioTableViewCell.swift */,
			);
			path = Usuario;
			sourceTree = "<group>";
		};
		EF6FD54E29707AAF002C76F3 /* Area */ = {
			isa = PBXGroup;
			children = (
				EFB6DE232971BDC7009279E1 /* AreaController.swift */,
			);
			path = Area;
			sourceTree = "<group>";
		};
		EF71ED89296DF65A00AE4E06 /* Autenticacion */ = {
			isa = PBXGroup;
			children = (
				EF71ED8A296DF68800AE4E06 /* SignUpController.swift */,
				EF160070296F29D400BD7CAD /* CreateAcccountController.swift */,
			);
			path = Autenticacion;
			sourceTree = "<group>";
		};
		EF74EF3329803E2000242723 /* Venta */ = {
			isa = PBXGroup;
			children = (
				EF44659E297F177200440A02 /* DetalleProductoController.swift */,
				EF81D8A42970A5B800536325 /* ProductoCollectionViewController.swift */,
				EF81D8A22970A46E00536325 /* ProductoCollectionViewCell.swift */,
				EFACBD042981913E00AAEF68 /* CarritoComprasController.swift */,
				EFACBD062981972900AAEF68 /* CarritoComprasTableViewCell.swift */,
				EF1CC2E429832249000D6455 /* PagoViewController.swift */,
			);
			path = Venta;
			sourceTree = "<group>";
		};
		EFB5EFF5295E68ED009B1802 /* Producto */ = {
			isa = PBXGroup;
			children = (
				EF74EF3329803E2000242723 /* Venta */,
				EFB5EFF1295E683E009B1802 /* GetAllTableViewController.swift */,
				EF62212D295BB49600EA5D5E /* ProductoController.swift */,
				EF2D144C295E69C300561FF6 /* ProductoTableViewCell.swift */,
			);
			path = Producto;
			sourceTree = "<group>";
		};
		EFBCFA6B2978521200E72972 /* DGarciaEcommerceTests */ = {
			isa = PBXGroup;
			children = (
				EFBCFA6C2978521200E72972 /* DGarciaEcommerceTests.swift */,
			);
			path = DGarciaEcommerceTests;
			sourceTree = "<group>";
		};
		EFBCFA782978522400E72972 /* DGarciaEcommerceUITests */ = {
			isa = PBXGroup;
			children = (
				EFBCFA792978522400E72972 /* DGarciaEcommerceUITests.swift */,
				EFBCFA7B2978522400E72972 /* DGarciaEcommerceUITestsLaunchTests.swift */,
			);
			path = DGarciaEcommerceUITests;
			sourceTree = "<group>";
		};
/* End PBXGroup section */

/* Begin PBXNativeTarget section */
		EF622125295BB49600EA5D5E /* DGarciaEcommerce */ = {
			isa = PBXNativeTarget;
			buildConfigurationList = EF62213D295BB49800EA5D5E /* Build configuration list for PBXNativeTarget "DGarciaEcommerce" */;
			buildPhases = (
				EF1BC798E4C41AC49B999ED7 /* [CP] Check Pods Manifest.lock */,
				EF622122295BB49600EA5D5E /* Sources */,
				EF622123295BB49600EA5D5E /* Frameworks */,
				EF622124295BB49600EA5D5E /* Resources */,
				B300E58D6ACC364C1449D8EC /* [CP] Embed Pods Frameworks */,
			);
			buildRules = (
			);
			dependencies = (
			);
			name = DGarciaEcommerce;
			packageProductDependencies = (
				EF71ED83296DF60000AE4E06 /* FirebaseAuth */,
				EF71ED85296DF60000AE4E06 /* FirebaseDatabase */,
				EF71ED87296DF60000AE4E06 /* FirebaseDatabaseSwift */,
			);
			productName = DGarciaEcommerce;
			productReference = EF622126295BB49600EA5D5E /* DGarciaEcommerce.app */;
			productType = "com.apple.product-type.application";
		};
		EFBCFA692978521200E72972 /* DGarciaEcommerceTests */ = {
			isa = PBXNativeTarget;
			buildConfigurationList = EFBCFA722978521200E72972 /* Build configuration list for PBXNativeTarget "DGarciaEcommerceTests" */;
			buildPhases = (
				EFBCFA662978521200E72972 /* Sources */,
				EFBCFA672978521200E72972 /* Frameworks */,
				EFBCFA682978521200E72972 /* Resources */,
			);
			buildRules = (
			);
			dependencies = (
				EFBCFA6F2978521200E72972 /* PBXTargetDependency */,
			);
			name = DGarciaEcommerceTests;
			packageProductDependencies = (
				EFBCFA82297854F700E72972 /* FirebaseFirestore */,
				EFBCFA84297854FC00E72972 /* FirebaseAuth */,
			);
			productName = DGarciaEcommerceTests;
			productReference = EFBCFA6A2978521200E72972 /* DGarciaEcommerceTests.xctest */;
			productType = "com.apple.product-type.bundle.unit-test";
		};
		EFBCFA762978522400E72972 /* DGarciaEcommerceUITests */ = {
			isa = PBXNativeTarget;
			buildConfigurationList = EFBCFA7F2978522400E72972 /* Build configuration list for PBXNativeTarget "DGarciaEcommerceUITests" */;
			buildPhases = (
				EFBCFA732978522400E72972 /* Sources */,
				EFBCFA742978522400E72972 /* Frameworks */,
				EFBCFA752978522400E72972 /* Resources */,
			);
			buildRules = (
			);
			dependencies = (
				EFBCFA7E2978522400E72972 /* PBXTargetDependency */,
			);
			name = DGarciaEcommerceUITests;
			productName = DGarciaEcommerceUITests;
			productReference = EFBCFA772978522400E72972 /* DGarciaEcommerceUITests.xctest */;
			productType = "com.apple.product-type.bundle.ui-testing";
		};
/* End PBXNativeTarget section */

/* Begin PBXProject section */
		EF62211E295BB49600EA5D5E /* Project object */ = {
			isa = PBXProject;
			attributes = {
				BuildIndependentTargetsInParallel = 1;
				LastSwiftUpdateCheck = 1410;
				LastUpgradeCheck = 1410;
				TargetAttributes = {
					EF622125295BB49600EA5D5E = {
						CreatedOnToolsVersion = 14.1;
					};
					EFBCFA692978521200E72972 = {
						CreatedOnToolsVersion = 14.1;
						TestTargetID = EF622125295BB49600EA5D5E;
					};
					EFBCFA762978522400E72972 = {
						CreatedOnToolsVersion = 14.1;
						TestTargetID = EF622125295BB49600EA5D5E;
					};
				};
			};
			buildConfigurationList = EF622121295BB49600EA5D5E /* Build configuration list for PBXProject "DGarciaEcommerce" */;
			compatibilityVersion = "Xcode 14.0";
			developmentRegion = en;
			hasScannedForEncodings = 0;
			knownRegions = (
				en,
				Base,
			);
			mainGroup = EF62211D295BB49600EA5D5E;
			packageReferences = (
				EF71ED82296DF60000AE4E06 /* XCRemoteSwiftPackageReference "firebase-ios-sdk" */,
			);
			productRefGroup = EF622127295BB49600EA5D5E /* Products */;
			projectDirPath = "";
			projectRoot = "";
			targets = (
				EF622125295BB49600EA5D5E /* DGarciaEcommerce */,
				EFBCFA692978521200E72972 /* DGarciaEcommerceTests */,
				EFBCFA762978522400E72972 /* DGarciaEcommerceUITests */,
			);
		};
/* End PBXProject section */

/* Begin PBXResourcesBuildPhase section */
		EF622124295BB49600EA5D5E /* Resources */ = {
			isa = PBXResourcesBuildPhase;
			buildActionMask = 2147483647;
			files = (
				EF6EDAB529676FA700ED7066 /* UsuarioTableViewCell.xib in Resources */,
				EF35867529660DF2004A2493 /* DepartamentoTableViewCell.xib in Resources */,
				EFACBD03298190F600AAEF68 /* CarritoComprasTableViewCell.xib in Resources */,
				EF81D8A129709E8000536325 /* ProductoCollectionViewCell.xib in Resources */,
				EF622139295BB49800EA5D5E /* LaunchScreen.storyboard in Resources */,
				EF81D89B29707BD900536325 /* GeneralCollectionViewCell.xib in Resources */,
				EF2D144F295E69C300561FF6 /* ProductoTableViewCell.xib in Resources */,
				EF622136295BB49800EA5D5E /* Assets.xcassets in Resources */,
				EF622131295BB49600EA5D5E /* Main.storyboard in Resources */,
				EF71ED80296DF39500AE4E06 /* GoogleService-Info.plist in Resources */,
			);
			runOnlyForDeploymentPostprocessing = 0;
		};
		EFBCFA682978521200E72972 /* Resources */ = {
			isa = PBXResourcesBuildPhase;
			buildActionMask = 2147483647;
			files = (
			);
			runOnlyForDeploymentPostprocessing = 0;
		};
		EFBCFA752978522400E72972 /* Resources */ = {
			isa = PBXResourcesBuildPhase;
			buildActionMask = 2147483647;
			files = (
			);
			runOnlyForDeploymentPostprocessing = 0;
		};
/* End PBXResourcesBuildPhase section */

/* Begin PBXShellScriptBuildPhase section */
		B300E58D6ACC364C1449D8EC /* [CP] Embed Pods Frameworks */ = {
			isa = PBXShellScriptBuildPhase;
			buildActionMask = 2147483647;
			files = (
			);
			inputFileListPaths = (
				"${PODS_ROOT}/Target Support Files/Pods-DGarciaEcommerce/Pods-DGarciaEcommerce-frameworks-${CONFIGURATION}-input-files.xcfilelist",
			);
			name = "[CP] Embed Pods Frameworks";
			outputFileListPaths = (
				"${PODS_ROOT}/Target Support Files/Pods-DGarciaEcommerce/Pods-DGarciaEcommerce-frameworks-${CONFIGURATION}-output-files.xcfilelist",
			);
			runOnlyForDeploymentPostprocessing = 0;
			shellPath = /bin/sh;
			shellScript = "\"${PODS_ROOT}/Target Support Files/Pods-DGarciaEcommerce/Pods-DGarciaEcommerce-frameworks.sh\"\n";
			showEnvVarsInLog = 0;
		};
		EF1BC798E4C41AC49B999ED7 /* [CP] Check Pods Manifest.lock */ = {
			isa = PBXShellScriptBuildPhase;
			buildActionMask = 2147483647;
			files = (
			);
			inputFileListPaths = (
			);
			inputPaths = (
				"${PODS_PODFILE_DIR_PATH}/Podfile.lock",
				"${PODS_ROOT}/Manifest.lock",
			);
			name = "[CP] Check Pods Manifest.lock";
			outputFileListPaths = (
			);
			outputPaths = (
				"$(DERIVED_FILE_DIR)/Pods-DGarciaEcommerce-checkManifestLockResult.txt",
			);
			runOnlyForDeploymentPostprocessing = 0;
			shellPath = /bin/sh;
			shellScript = "diff \"${PODS_PODFILE_DIR_PATH}/Podfile.lock\" \"${PODS_ROOT}/Manifest.lock\" > /dev/null\nif [ $? != 0 ] ; then\n    # print error to STDERR\n    echo \"error: The sandbox is not in sync with the Podfile.lock. Run 'pod install' or update your CocoaPods installation.\" >&2\n    exit 1\nfi\n# This output is used by Xcode 'outputs' to avoid re-running this script phase.\necho \"SUCCESS\" > \"${SCRIPT_OUTPUT_FILE_0}\"\n";
			showEnvVarsInLog = 0;
		};
/* End PBXShellScriptBuildPhase section */

/* Begin PBXSourcesBuildPhase section */
		EF622122295BB49600EA5D5E /* Sources */ = {
			isa = PBXSourcesBuildPhase;
			buildActionMask = 2147483647;
			files = (
				EF622134295BB49600EA5D5E /* DGarciaEcommerce.xcdatamodeld in Sources */,
				EF35868029664FF8004A2493 /* DepartamentoController.swift in Sources */,
				EF1CC2E729832BBA000D6455 /* MetodoPago.swift in Sources */,
				EFACBD072981972900AAEF68 /* CarritoComprasTableViewCell.swift in Sources */,
				EF81D89D2970953400536325 /* DepartamentoCollectionViewController.swift in Sources */,
				EF74EF3529803EAD00242723 /* VentaProductoViewModel.swift in Sources */,
				EF81D89A29707BD900536325 /* GeneralCollectionViewCell.swift in Sources */,
				EFCDB8FD29687FB4002C0044 /* Usuario.swift in Sources */,
				EF540BB5296E32F300862398 /* ProveedorViewModel.swift in Sources */,
				EFACBD052981913E00AAEF68 /* CarritoComprasController.swift in Sources */,
				EFCDB8FF296883E9002C0044 /* UsuarioViewModel.swift in Sources */,
				EF35867429660DF2004A2493 /* DepartamentoTableViewCell.swift in Sources */,
				EF160077296F473A00BD7CAD /* AreaViewModel.swift in Sources */,
				EF0E8443295CD14100E3415B /* Departamento.swift in Sources */,
				EF6EDAB429676FA700ED7066 /* UsuarioTableViewCell.swift in Sources */,
				EF62212E295BB49600EA5D5E /* ProductoController.swift in Sources */,
				EF62212A295BB49600EA5D5E /* AppDelegate.swift in Sources */,
				EF74EF372980461000242723 /* VentaProducto.swift in Sources */,
				EF81D8A32970A46E00536325 /* ProductoCollectionViewCell.swift in Sources */,
				EF0E8441295CD0E800E3415B /* Proveedor.swift in Sources */,
				EF35867A2966124D004A2493 /* DepartamentoViewModel.swift in Sources */,
				EF71ED8B296DF68800AE4E06 /* SignUpController.swift in Sources */,
				EF0E843F295CCFB300E3415B /* Producto.swift in Sources */,
				EFB5EFF3295E683E009B1802 /* GetAllTableViewController.swift in Sources */,
				EF1CC2E529832249000D6455 /* PagoViewController.swift in Sources */,
				EF6EDAAB29676ECB00ED7066 /* UsuarioTableViewController.swift in Sources */,
				EF0E8447295CD20700E3415B /* Result.swift in Sources */,
				EF622145295BB72800EA5D5E /* DB.swift in Sources */,
				EF35867C29662454004A2493 /* DepartamentoTableViewController.swift in Sources */,
				EFB6DE242971BDC7009279E1 /* AreaController.swift in Sources */,
				EF0E8445295CD1B100E3415B /* Area.swift in Sources */,
				EF6EDAAD29676F1800ED7066 /* UsuarioController.swift in Sources */,
				EF160071296F29D400BD7CAD /* CreateAcccountController.swift in Sources */,
				EFCDB901296888D6002C0044 /* Rol.swift in Sources */,
				EF2D144E295E69C300561FF6 /* ProductoTableViewCell.swift in Sources */,
				EF81D8A52970A5B800536325 /* ProductoCollectionViewController.swift in Sources */,
				EF62212C295BB49600EA5D5E /* SceneDelegate.swift in Sources */,
				EF44659F297F177200440A02 /* DetalleProductoController.swift in Sources */,
				EF0E8449295CD38E00E3415B /* ProductoViewModel.swift in Sources */,
			);
			runOnlyForDeploymentPostprocessing = 0;
		};
		EFBCFA662978521200E72972 /* Sources */ = {
			isa = PBXSourcesBuildPhase;
			buildActionMask = 2147483647;
			files = (
				EFBCFA6D2978521200E72972 /* DGarciaEcommerceTests.swift in Sources */,
			);
			runOnlyForDeploymentPostprocessing = 0;
		};
		EFBCFA732978522400E72972 /* Sources */ = {
			isa = PBXSourcesBuildPhase;
			buildActionMask = 2147483647;
			files = (
				EFBCFA7A2978522400E72972 /* DGarciaEcommerceUITests.swift in Sources */,
				EFBCFA7C2978522400E72972 /* DGarciaEcommerceUITestsLaunchTests.swift in Sources */,
			);
			runOnlyForDeploymentPostprocessing = 0;
		};
/* End PBXSourcesBuildPhase section */

/* Begin PBXTargetDependency section */
		EFBCFA6F2978521200E72972 /* PBXTargetDependency */ = {
			isa = PBXTargetDependency;
			target = EF622125295BB49600EA5D5E /* DGarciaEcommerce */;
			targetProxy = EFBCFA6E2978521200E72972 /* PBXContainerItemProxy */;
		};
		EFBCFA7E2978522400E72972 /* PBXTargetDependency */ = {
			isa = PBXTargetDependency;
			target = EF622125295BB49600EA5D5E /* DGarciaEcommerce */;
			targetProxy = EFBCFA7D2978522400E72972 /* PBXContainerItemProxy */;
		};
/* End PBXTargetDependency section */

/* Begin PBXVariantGroup section */
		EF62212F295BB49600EA5D5E /* Main.storyboard */ = {
			isa = PBXVariantGroup;
			children = (
				EF622130295BB49600EA5D5E /* Base */,
			);
			name = Main.storyboard;
			sourceTree = "<group>";
		};
		EF622137295BB49800EA5D5E /* LaunchScreen.storyboard */ = {
			isa = PBXVariantGroup;
			children = (
				EF622138295BB49800EA5D5E /* Base */,
			);
			name = LaunchScreen.storyboard;
			sourceTree = "<group>";
		};
/* End PBXVariantGroup section */

/* Begin XCBuildConfiguration section */
		EF62213B295BB49800EA5D5E /* Debug */ = {
			isa = XCBuildConfiguration;
			buildSettings = {
				ALWAYS_SEARCH_USER_PATHS = NO;
				CLANG_ANALYZER_NONNULL = YES;
				CLANG_ANALYZER_NUMBER_OBJECT_CONVERSION = YES_AGGRESSIVE;
				CLANG_CXX_LANGUAGE_STANDARD = "gnu++20";
				CLANG_ENABLE_MODULES = YES;
				CLANG_ENABLE_OBJC_ARC = YES;
				CLANG_ENABLE_OBJC_WEAK = YES;
				CLANG_WARN_BLOCK_CAPTURE_AUTORELEASING = YES;
				CLANG_WARN_BOOL_CONVERSION = YES;
				CLANG_WARN_COMMA = YES;
				CLANG_WARN_CONSTANT_CONVERSION = YES;
				CLANG_WARN_DEPRECATED_OBJC_IMPLEMENTATIONS = YES;
				CLANG_WARN_DIRECT_OBJC_ISA_USAGE = YES_ERROR;
				CLANG_WARN_DOCUMENTATION_COMMENTS = YES;
				CLANG_WARN_EMPTY_BODY = YES;
				CLANG_WARN_ENUM_CONVERSION = YES;
				CLANG_WARN_INFINITE_RECURSION = YES;
				CLANG_WARN_INT_CONVERSION = YES;
				CLANG_WARN_NON_LITERAL_NULL_CONVERSION = YES;
				CLANG_WARN_OBJC_IMPLICIT_RETAIN_SELF = YES;
				CLANG_WARN_OBJC_LITERAL_CONVERSION = YES;
				CLANG_WARN_OBJC_ROOT_CLASS = YES_ERROR;
				CLANG_WARN_QUOTED_INCLUDE_IN_FRAMEWORK_HEADER = YES;
				CLANG_WARN_RANGE_LOOP_ANALYSIS = YES;
				CLANG_WARN_STRICT_PROTOTYPES = YES;
				CLANG_WARN_SUSPICIOUS_MOVE = YES;
				CLANG_WARN_UNGUARDED_AVAILABILITY = YES_AGGRESSIVE;
				CLANG_WARN_UNREACHABLE_CODE = YES;
				CLANG_WARN__DUPLICATE_METHOD_MATCH = YES;
				COPY_PHASE_STRIP = NO;
				DEBUG_INFORMATION_FORMAT = dwarf;
				ENABLE_STRICT_OBJC_MSGSEND = YES;
				ENABLE_TESTABILITY = YES;
				GCC_C_LANGUAGE_STANDARD = gnu11;
				GCC_DYNAMIC_NO_PIC = NO;
				GCC_NO_COMMON_BLOCKS = YES;
				GCC_OPTIMIZATION_LEVEL = 0;
				GCC_PREPROCESSOR_DEFINITIONS = (
					"DEBUG=1",
					"$(inherited)",
				);
				GCC_WARN_64_TO_32_BIT_CONVERSION = YES;
				GCC_WARN_ABOUT_RETURN_TYPE = YES_ERROR;
				GCC_WARN_UNDECLARED_SELECTOR = YES;
				GCC_WARN_UNINITIALIZED_AUTOS = YES_AGGRESSIVE;
				GCC_WARN_UNUSED_FUNCTION = YES;
				GCC_WARN_UNUSED_VARIABLE = YES;
				IPHONEOS_DEPLOYMENT_TARGET = 16.0;
				MTL_ENABLE_DEBUG_INFO = INCLUDE_SOURCE;
				MTL_FAST_MATH = YES;
				ONLY_ACTIVE_ARCH = YES;
				SDKROOT = iphoneos;
				SWIFT_ACTIVE_COMPILATION_CONDITIONS = DEBUG;
				SWIFT_OPTIMIZATION_LEVEL = "-Onone";
			};
			name = Debug;
		};
		EF62213C295BB49800EA5D5E /* Release */ = {
			isa = XCBuildConfiguration;
			buildSettings = {
				ALWAYS_SEARCH_USER_PATHS = NO;
				CLANG_ANALYZER_NONNULL = YES;
				CLANG_ANALYZER_NUMBER_OBJECT_CONVERSION = YES_AGGRESSIVE;
				CLANG_CXX_LANGUAGE_STANDARD = "gnu++20";
				CLANG_ENABLE_MODULES = YES;
				CLANG_ENABLE_OBJC_ARC = YES;
				CLANG_ENABLE_OBJC_WEAK = YES;
				CLANG_WARN_BLOCK_CAPTURE_AUTORELEASING = YES;
				CLANG_WARN_BOOL_CONVERSION = YES;
				CLANG_WARN_COMMA = YES;
				CLANG_WARN_CONSTANT_CONVERSION = YES;
				CLANG_WARN_DEPRECATED_OBJC_IMPLEMENTATIONS = YES;
				CLANG_WARN_DIRECT_OBJC_ISA_USAGE = YES_ERROR;
				CLANG_WARN_DOCUMENTATION_COMMENTS = YES;
				CLANG_WARN_EMPTY_BODY = YES;
				CLANG_WARN_ENUM_CONVERSION = YES;
				CLANG_WARN_INFINITE_RECURSION = YES;
				CLANG_WARN_INT_CONVERSION = YES;
				CLANG_WARN_NON_LITERAL_NULL_CONVERSION = YES;
				CLANG_WARN_OBJC_IMPLICIT_RETAIN_SELF = YES;
				CLANG_WARN_OBJC_LITERAL_CONVERSION = YES;
				CLANG_WARN_OBJC_ROOT_CLASS = YES_ERROR;
				CLANG_WARN_QUOTED_INCLUDE_IN_FRAMEWORK_HEADER = YES;
				CLANG_WARN_RANGE_LOOP_ANALYSIS = YES;
				CLANG_WARN_STRICT_PROTOTYPES = YES;
				CLANG_WARN_SUSPICIOUS_MOVE = YES;
				CLANG_WARN_UNGUARDED_AVAILABILITY = YES_AGGRESSIVE;
				CLANG_WARN_UNREACHABLE_CODE = YES;
				CLANG_WARN__DUPLICATE_METHOD_MATCH = YES;
				COPY_PHASE_STRIP = NO;
				DEBUG_INFORMATION_FORMAT = "dwarf-with-dsym";
				ENABLE_NS_ASSERTIONS = NO;
				ENABLE_STRICT_OBJC_MSGSEND = YES;
				GCC_C_LANGUAGE_STANDARD = gnu11;
				GCC_NO_COMMON_BLOCKS = YES;
				GCC_WARN_64_TO_32_BIT_CONVERSION = YES;
				GCC_WARN_ABOUT_RETURN_TYPE = YES_ERROR;
				GCC_WARN_UNDECLARED_SELECTOR = YES;
				GCC_WARN_UNINITIALIZED_AUTOS = YES_AGGRESSIVE;
				GCC_WARN_UNUSED_FUNCTION = YES;
				GCC_WARN_UNUSED_VARIABLE = YES;
				IPHONEOS_DEPLOYMENT_TARGET = 16.0;
				MTL_ENABLE_DEBUG_INFO = NO;
				MTL_FAST_MATH = YES;
				SDKROOT = iphoneos;
				SWIFT_COMPILATION_MODE = wholemodule;
				SWIFT_OPTIMIZATION_LEVEL = "-O";
				VALIDATE_PRODUCT = YES;
			};
			name = Release;
		};
		EF62213E295BB49800EA5D5E /* Debug */ = {
			isa = XCBuildConfiguration;
			baseConfigurationReference = 10694476533BB5934DF50B15 /* Pods-DGarciaEcommerce.debug.xcconfig */;
			buildSettings = {
				ASSETCATALOG_COMPILER_APPICON_NAME = AppIcon;
				ASSETCATALOG_COMPILER_GLOBAL_ACCENT_COLOR_NAME = AccentColor;
				CODE_SIGN_STYLE = Automatic;
				CURRENT_PROJECT_VERSION = 1;
				DEVELOPMENT_TEAM = R6B33YVR42;
				GENERATE_INFOPLIST_FILE = YES;
				INFOPLIST_FILE = DGarciaEcommerce/Info.plist;
				INFOPLIST_KEY_UIApplicationSupportsIndirectInputEvents = YES;
				INFOPLIST_KEY_UILaunchStoryboardName = LaunchScreen;
				INFOPLIST_KEY_UIMainStoryboardFile = Main;
				INFOPLIST_KEY_UIStatusBarStyle = "";
				INFOPLIST_KEY_UISupportedInterfaceOrientations_iPad = "UIInterfaceOrientationPortrait UIInterfaceOrientationPortraitUpsideDown UIInterfaceOrientationLandscapeLeft UIInterfaceOrientationLandscapeRight";
				INFOPLIST_KEY_UISupportedInterfaceOrientations_iPhone = "UIInterfaceOrientationPortrait UIInterfaceOrientationLandscapeLeft UIInterfaceOrientationLandscapeRight";
				IPHONEOS_DEPLOYMENT_TARGET = 15.5;
				LD_RUNPATH_SEARCH_PATHS = (
					"$(inherited)",
					"@executable_path/Frameworks",
				);
				MARKETING_VERSION = 1.0;
				PRODUCT_BUNDLE_IDENTIFIER = com.digis.DGarciaEcommerce;
				PRODUCT_NAME = "$(TARGET_NAME)";
				SUPPORTED_PLATFORMS = "iphoneos iphonesimulator";
				SUPPORTS_MACCATALYST = NO;
				SUPPORTS_MAC_DESIGNED_FOR_IPHONE_IPAD = YES;
				SWIFT_EMIT_LOC_STRINGS = YES;
				SWIFT_VERSION = 5.0;
				TARGETED_DEVICE_FAMILY = "1,2";
			};
			name = Debug;
		};
		EF62213F295BB49800EA5D5E /* Release */ = {
			isa = XCBuildConfiguration;
			baseConfigurationReference = EB5619FA42FA59CACAFA4D47 /* Pods-DGarciaEcommerce.release.xcconfig */;
			buildSettings = {
				ASSETCATALOG_COMPILER_APPICON_NAME = AppIcon;
				ASSETCATALOG_COMPILER_GLOBAL_ACCENT_COLOR_NAME = AccentColor;
				CODE_SIGN_STYLE = Automatic;
				CURRENT_PROJECT_VERSION = 1;
				DEVELOPMENT_TEAM = R6B33YVR42;
				GENERATE_INFOPLIST_FILE = YES;
				INFOPLIST_FILE = DGarciaEcommerce/Info.plist;
				INFOPLIST_KEY_UIApplicationSupportsIndirectInputEvents = YES;
				INFOPLIST_KEY_UILaunchStoryboardName = LaunchScreen;
				INFOPLIST_KEY_UIMainStoryboardFile = Main;
				INFOPLIST_KEY_UIStatusBarStyle = "";
				INFOPLIST_KEY_UISupportedInterfaceOrientations_iPad = "UIInterfaceOrientationPortrait UIInterfaceOrientationPortraitUpsideDown UIInterfaceOrientationLandscapeLeft UIInterfaceOrientationLandscapeRight";
				INFOPLIST_KEY_UISupportedInterfaceOrientations_iPhone = "UIInterfaceOrientationPortrait UIInterfaceOrientationLandscapeLeft UIInterfaceOrientationLandscapeRight";
				IPHONEOS_DEPLOYMENT_TARGET = 15.5;
				LD_RUNPATH_SEARCH_PATHS = (
					"$(inherited)",
					"@executable_path/Frameworks",
				);
				MARKETING_VERSION = 1.0;
				PRODUCT_BUNDLE_IDENTIFIER = com.digis.DGarciaEcommerce;
				PRODUCT_NAME = "$(TARGET_NAME)";
				SUPPORTED_PLATFORMS = "iphoneos iphonesimulator";
				SUPPORTS_MACCATALYST = NO;
				SUPPORTS_MAC_DESIGNED_FOR_IPHONE_IPAD = YES;
				SWIFT_EMIT_LOC_STRINGS = YES;
				SWIFT_VERSION = 5.0;
				TARGETED_DEVICE_FAMILY = "1,2";
			};
			name = Release;
		};
		EFBCFA702978521200E72972 /* Debug */ = {
			isa = XCBuildConfiguration;
			buildSettings = {
				BUNDLE_LOADER = "$(TEST_HOST)";
				CODE_SIGN_STYLE = Automatic;
				CURRENT_PROJECT_VERSION = 1;
				DEVELOPMENT_TEAM = R6B33YVR42;
				GENERATE_INFOPLIST_FILE = YES;
				IPHONEOS_DEPLOYMENT_TARGET = 16.1;
				MARKETING_VERSION = 1.0;
				PRODUCT_BUNDLE_IDENTIFIER = com.digis.DGarciaEcommerceTests;
				PRODUCT_NAME = "$(TARGET_NAME)";
				SWIFT_EMIT_LOC_STRINGS = NO;
				SWIFT_VERSION = 5.0;
				TARGETED_DEVICE_FAMILY = "1,2";
				TEST_HOST = "$(BUILT_PRODUCTS_DIR)/DGarciaEcommerce.app/$(BUNDLE_EXECUTABLE_FOLDER_PATH)/DGarciaEcommerce";
			};
			name = Debug;
		};
		EFBCFA712978521200E72972 /* Release */ = {
			isa = XCBuildConfiguration;
			buildSettings = {
				BUNDLE_LOADER = "$(TEST_HOST)";
				CODE_SIGN_STYLE = Automatic;
				CURRENT_PROJECT_VERSION = 1;
				DEVELOPMENT_TEAM = R6B33YVR42;
				GENERATE_INFOPLIST_FILE = YES;
				IPHONEOS_DEPLOYMENT_TARGET = 16.1;
				MARKETING_VERSION = 1.0;
				PRODUCT_BUNDLE_IDENTIFIER = com.digis.DGarciaEcommerceTests;
				PRODUCT_NAME = "$(TARGET_NAME)";
				SWIFT_EMIT_LOC_STRINGS = NO;
				SWIFT_VERSION = 5.0;
				TARGETED_DEVICE_FAMILY = "1,2";
				TEST_HOST = "$(BUILT_PRODUCTS_DIR)/DGarciaEcommerce.app/$(BUNDLE_EXECUTABLE_FOLDER_PATH)/DGarciaEcommerce";
			};
			name = Release;
		};
		EFBCFA802978522400E72972 /* Debug */ = {
			isa = XCBuildConfiguration;
			buildSettings = {
				CODE_SIGN_STYLE = Automatic;
				CURRENT_PROJECT_VERSION = 1;
				DEVELOPMENT_TEAM = R6B33YVR42;
				GENERATE_INFOPLIST_FILE = YES;
				IPHONEOS_DEPLOYMENT_TARGET = 16.1;
				MARKETING_VERSION = 1.0;
				PRODUCT_BUNDLE_IDENTIFIER = com.digis.DGarciaEcommerceUITests;
				PRODUCT_NAME = "$(TARGET_NAME)";
				SWIFT_EMIT_LOC_STRINGS = NO;
				SWIFT_VERSION = 5.0;
				TARGETED_DEVICE_FAMILY = "1,2";
				TEST_TARGET_NAME = DGarciaEcommerce;
			};
			name = Debug;
		};
		EFBCFA812978522400E72972 /* Release */ = {
			isa = XCBuildConfiguration;
			buildSettings = {
				CODE_SIGN_STYLE = Automatic;
				CURRENT_PROJECT_VERSION = 1;
				DEVELOPMENT_TEAM = R6B33YVR42;
				GENERATE_INFOPLIST_FILE = YES;
				IPHONEOS_DEPLOYMENT_TARGET = 16.1;
				MARKETING_VERSION = 1.0;
				PRODUCT_BUNDLE_IDENTIFIER = com.digis.DGarciaEcommerceUITests;
				PRODUCT_NAME = "$(TARGET_NAME)";
				SWIFT_EMIT_LOC_STRINGS = NO;
				SWIFT_VERSION = 5.0;
				TARGETED_DEVICE_FAMILY = "1,2";
				TEST_TARGET_NAME = DGarciaEcommerce;
			};
			name = Release;
		};
/* End XCBuildConfiguration section */

/* Begin XCConfigurationList section */
		EF622121295BB49600EA5D5E /* Build configuration list for PBXProject "DGarciaEcommerce" */ = {
			isa = XCConfigurationList;
			buildConfigurations = (
				EF62213B295BB49800EA5D5E /* Debug */,
				EF62213C295BB49800EA5D5E /* Release */,
			);
			defaultConfigurationIsVisible = 0;
			defaultConfigurationName = Release;
		};
		EF62213D295BB49800EA5D5E /* Build configuration list for PBXNativeTarget "DGarciaEcommerce" */ = {
			isa = XCConfigurationList;
			buildConfigurations = (
				EF62213E295BB49800EA5D5E /* Debug */,
				EF62213F295BB49800EA5D5E /* Release */,
			);
			defaultConfigurationIsVisible = 0;
			defaultConfigurationName = Release;
		};
		EFBCFA722978521200E72972 /* Build configuration list for PBXNativeTarget "DGarciaEcommerceTests" */ = {
			isa = XCConfigurationList;
			buildConfigurations = (
				EFBCFA702978521200E72972 /* Debug */,
				EFBCFA712978521200E72972 /* Release */,
			);
			defaultConfigurationIsVisible = 0;
			defaultConfigurationName = Release;
		};
		EFBCFA7F2978522400E72972 /* Build configuration list for PBXNativeTarget "DGarciaEcommerceUITests" */ = {
			isa = XCConfigurationList;
			buildConfigurations = (
				EFBCFA802978522400E72972 /* Debug */,
				EFBCFA812978522400E72972 /* Release */,
			);
			defaultConfigurationIsVisible = 0;
			defaultConfigurationName = Release;
		};
/* End XCConfigurationList section */

/* Begin XCRemoteSwiftPackageReference section */
		EF71ED82296DF60000AE4E06 /* XCRemoteSwiftPackageReference "firebase-ios-sdk" */ = {
			isa = XCRemoteSwiftPackageReference;
			repositoryURL = "https://github.com/firebase/firebase-ios-sdk";
			requirement = {
				kind = upToNextMajorVersion;
				minimumVersion = 9.0.0;
			};
		};
/* End XCRemoteSwiftPackageReference section */

/* Begin XCSwiftPackageProductDependency section */
		EF71ED83296DF60000AE4E06 /* FirebaseAuth */ = {
			isa = XCSwiftPackageProductDependency;
			package = EF71ED82296DF60000AE4E06 /* XCRemoteSwiftPackageReference "firebase-ios-sdk" */;
			productName = FirebaseAuth;
		};
		EF71ED85296DF60000AE4E06 /* FirebaseDatabase */ = {
			isa = XCSwiftPackageProductDependency;
			package = EF71ED82296DF60000AE4E06 /* XCRemoteSwiftPackageReference "firebase-ios-sdk" */;
			productName = FirebaseDatabase;
		};
		EF71ED87296DF60000AE4E06 /* FirebaseDatabaseSwift */ = {
			isa = XCSwiftPackageProductDependency;
			package = EF71ED82296DF60000AE4E06 /* XCRemoteSwiftPackageReference "firebase-ios-sdk" */;
			productName = FirebaseDatabaseSwift;
		};
		EFBCFA82297854F700E72972 /* FirebaseFirestore */ = {
			isa = XCSwiftPackageProductDependency;
			package = EF71ED82296DF60000AE4E06 /* XCRemoteSwiftPackageReference "firebase-ios-sdk" */;
			productName = FirebaseFirestore;
		};
		EFBCFA84297854FC00E72972 /* FirebaseAuth */ = {
			isa = XCSwiftPackageProductDependency;
			package = EF71ED82296DF60000AE4E06 /* XCRemoteSwiftPackageReference "firebase-ios-sdk" */;
			productName = FirebaseAuth;
		};
/* End XCSwiftPackageProductDependency section */

/* Begin XCVersionGroup section */
		EF622132295BB49600EA5D5E /* DGarciaEcommerce.xcdatamodeld */ = {
			isa = XCVersionGroup;
			children = (
				EF622133295BB49600EA5D5E /* DGarciaEcommerce.xcdatamodel */,
			);
			currentVersion = EF622133295BB49600EA5D5E /* DGarciaEcommerce.xcdatamodel */;
			path = DGarciaEcommerce.xcdatamodeld;
			sourceTree = "<group>";
			versionGroupType = wrapper.xcdatamodel;
		};
/* End XCVersionGroup section */
	};
	rootObject = EF62211E295BB49600EA5D5E /* Project object */;
}
